
Microsoft Visual Studio Solution File, Format Version 12.00
# Visual Studio Version 17
VisualStudioVersion = 17.9.34728.123
MinimumVisualStudioVersion = 10.0.40219.1
Project("{9A19103F-16F7-4668-BE54-9A1E7A4F7556}") = "OrderService.ConsoleApp", "src\frontend\OrderService.ConsoleApp\OrderService.ConsoleApp.csproj", "{7DAFE5AE-2B9F-448C-AF36-CBE76060297C}"
EndProject
Project("{9A19103F-16F7-4668-BE54-9A1E7A4F7556}") = "OrderService.Application", "src\backend\order-service\OrderService.Application\OrderService.Application.csproj", "{35986EFE-2D0C-4A73-BCE2-0754D51CBFE0}"
EndProject
Project("{9A19103F-16F7-4668-BE54-9A1E7A4F7556}") = "OrderService.Infrastructure", "src\backend\order-service\OrderService.Infrastructure\OrderService.Infrastructure.csproj", "{F100B657-7AC9-431D-8F1D-245740D27F71}"
EndProject
Project("{9A19103F-16F7-4668-BE54-9A1E7A4F7556}") = "OrderService.Domain", "src\backend\order-service\OrderService.Domain\OrderService.Domain.csproj", "{189E0213-27CA-4BB5-9DB5-739E0AC0D10F}"
EndProject
Project("{9A19103F-16F7-4668-BE54-9A1E7A4F7556}") = "OrderSystem.Shared", "src\backend\shared-kernel\OrderSystem.Shared\OrderSystem.Shared.csproj", "{1A6C1D03-AAB0-47C3-914E-4EDBEA97CE00}"
EndProject
Project("{9A19103F-16F7-4668-BE54-9A1E7A4F7556}") = "OrderService.API", "src\backend\order-service\OrderService.API\OrderService.API.csproj", "{A369342B-2A23-4AA6-B95E-E00DA9F3D291}"
EndProject
Project("{2150E333-8FDC-42A3-9474-1A3956D46DE8}") = "src", "src", "{84A9E788-094D-4CAF-A1CD-A39A9BFBA93A}"
EndProject
Project("{2150E333-8FDC-42A3-9474-1A3956D46DE8}") = "tests", "tests", "{C0A2DFDF-415E-44C8-B8FB-CB2CA2307BCD}"
EndProject
Project("{2150E333-8FDC-42A3-9474-1A3956D46DE8}") = "order-service", "order-service", "{21B35D5E-37D0-4731-AB12-3FB9CA87290C}"
EndProject
Project("{2150E333-8FDC-42A3-9474-1A3956D46DE8}") = "backend", "backend", "{75DC68C6-E663-4E84-91A0-C385F5CBEB9F}"
EndProject
Project("{2150E333-8FDC-42A3-9474-1A3956D46DE8}") = "frontend", "frontend", "{24A2C374-4A6C-4203-A50A-086471F77D60}"
EndProject
Project("{2150E333-8FDC-42A3-9474-1A3956D46DE8}") = "shared-kernel", "shared-kernel", "{839CBECE-06EC-420B-8C1D-45CAA26AD59D}"
EndProject
Project("{2150E333-8FDC-42A3-9474-1A3956D46DE8}") = "product-service", "product-service", "{33A531A3-EE1A-4046-BF59-7E80A7730E17}"
EndProject
Project("{E53339B2-1760-4266-BCC7-CA923CBCF16C}") = "docker-compose", "docker-compose.dcproj", "{327B2F2B-32BF-40B9-99AB-3B926EC327C5}"
EndProject
Project("{9A19103F-16F7-4668-BE54-9A1E7A4F7556}") = "ProductService.API", "src\backend\product-service\ProductService.API\ProductService.API.csproj", "{77747681-8D37-4D36-A60D-7EA454DD6240}"
EndProject
Project("{9A19103F-16F7-4668-BE54-9A1E7A4F7556}") = "ProductService.Application", "src\backend\product-service\ProductService.Application\ProductService.Application.csproj", "{1AF439BB-7189-417B-9ACE-5A1E07C83796}"
EndProject
Project("{9A19103F-16F7-4668-BE54-9A1E7A4F7556}") = "ProductService.Domain", "src\backend\product-service\ProductService.Domain\ProductService.Domain.csproj", "{382DE0A5-9B9B-4E0D-8531-1493942AB229}"
EndProject
Project("{9A19103F-16F7-4668-BE54-9A1E7A4F7556}") = "ProductService.Infrastructure", "src\backend\product-service\ProductService.Infrastructure\ProductService.Infrastructure.csproj", "{F567AA2A-B7D7-448E-9854-F11F9C8ECC3A}"
EndProject
Project("{FAE04EC0-301F-11D3-BF4B-00C04F79EFBC}") = "OrderSystem.Infrastructure.Shared", "src\backend\shared-kernel\OrderSystem.Infrastructure.Shared\OrderSystem.Infrastructure.Shared.csproj", "{EF5ADEA6-5CFC-4412-994E-57F8C34A6FD8}"
EndProject
Project("{FAE04EC0-301F-11D3-BF4B-00C04F79EFBC}") = "OrderSystem.Domain.Shared", "src\backend\shared-kernel\OrderSystem.Domain.Shared\OrderSystem.Domain.Shared.csproj", "{03F528FF-88F1-46A4-8D91-662E1DC7DFFA}"
EndProject
Project("{FAE04EC0-301F-11D3-BF4B-00C04F79EFBC}") = "OrderSystem.Application.Shared", "src\backend\shared-kernel\OrderService.Application.Shared\OrderSystem.Application.Shared.csproj", "{3E44E3EE-E428-4B06-9D83-DBE3AF1AFBBA}"
EndProject
Global
	GlobalSection(SolutionConfigurationPlatforms) = preSolution
		Debug|Any CPU = Debug|Any CPU
		Release|Any CPU = Release|Any CPU
	EndGlobalSection
	GlobalSection(ProjectConfigurationPlatforms) = postSolution
		{7DAFE5AE-2B9F-448C-AF36-CBE76060297C}.Debug|Any CPU.ActiveCfg = Debug|Any CPU
		{7DAFE5AE-2B9F-448C-AF36-CBE76060297C}.Debug|Any CPU.Build.0 = Debug|Any CPU
		{7DAFE5AE-2B9F-448C-AF36-CBE76060297C}.Release|Any CPU.ActiveCfg = Release|Any CPU
		{7DAFE5AE-2B9F-448C-AF36-CBE76060297C}.Release|Any CPU.Build.0 = Release|Any CPU
		{35986EFE-2D0C-4A73-BCE2-0754D51CBFE0}.Debug|Any CPU.ActiveCfg = Debug|Any CPU
		{35986EFE-2D0C-4A73-BCE2-0754D51CBFE0}.Debug|Any CPU.Build.0 = Debug|Any CPU
		{35986EFE-2D0C-4A73-BCE2-0754D51CBFE0}.Release|Any CPU.ActiveCfg = Release|Any CPU
		{35986EFE-2D0C-4A73-BCE2-0754D51CBFE0}.Release|Any CPU.Build.0 = Release|Any CPU
		{F100B657-7AC9-431D-8F1D-245740D27F71}.Debug|Any CPU.ActiveCfg = Debug|Any CPU
		{F100B657-7AC9-431D-8F1D-245740D27F71}.Debug|Any CPU.Build.0 = Debug|Any CPU
		{F100B657-7AC9-431D-8F1D-245740D27F71}.Release|Any CPU.ActiveCfg = Release|Any CPU
		{F100B657-7AC9-431D-8F1D-245740D27F71}.Release|Any CPU.Build.0 = Release|Any CPU
		{189E0213-27CA-4BB5-9DB5-739E0AC0D10F}.Debug|Any CPU.ActiveCfg = Debug|Any CPU
		{189E0213-27CA-4BB5-9DB5-739E0AC0D10F}.Debug|Any CPU.Build.0 = Debug|Any CPU
		{189E0213-27CA-4BB5-9DB5-739E0AC0D10F}.Release|Any CPU.ActiveCfg = Release|Any CPU
		{189E0213-27CA-4BB5-9DB5-739E0AC0D10F}.Release|Any CPU.Build.0 = Release|Any CPU
		{1A6C1D03-AAB0-47C3-914E-4EDBEA97CE00}.Debug|Any CPU.ActiveCfg = Debug|Any CPU
		{1A6C1D03-AAB0-47C3-914E-4EDBEA97CE00}.Debug|Any CPU.Build.0 = Debug|Any CPU
		{1A6C1D03-AAB0-47C3-914E-4EDBEA97CE00}.Release|Any CPU.ActiveCfg = Release|Any CPU
		{1A6C1D03-AAB0-47C3-914E-4EDBEA97CE00}.Release|Any CPU.Build.0 = Release|Any CPU
		{A369342B-2A23-4AA6-B95E-E00DA9F3D291}.Debug|Any CPU.ActiveCfg = Debug|Any CPU
		{A369342B-2A23-4AA6-B95E-E00DA9F3D291}.Debug|Any CPU.Build.0 = Debug|Any CPU
		{A369342B-2A23-4AA6-B95E-E00DA9F3D291}.Release|Any CPU.ActiveCfg = Release|Any CPU
		{A369342B-2A23-4AA6-B95E-E00DA9F3D291}.Release|Any CPU.Build.0 = Release|Any CPU
		{327B2F2B-32BF-40B9-99AB-3B926EC327C5}.Debug|Any CPU.ActiveCfg = Debug|Any CPU
		{327B2F2B-32BF-40B9-99AB-3B926EC327C5}.Debug|Any CPU.Build.0 = Debug|Any CPU
		{327B2F2B-32BF-40B9-99AB-3B926EC327C5}.Release|Any CPU.ActiveCfg = Release|Any CPU
		{327B2F2B-32BF-40B9-99AB-3B926EC327C5}.Release|Any CPU.Build.0 = Release|Any CPU
		{77747681-8D37-4D36-A60D-7EA454DD6240}.Debug|Any CPU.ActiveCfg = Debug|Any CPU
		{77747681-8D37-4D36-A60D-7EA454DD6240}.Debug|Any CPU.Build.0 = Debug|Any CPU
		{77747681-8D37-4D36-A60D-7EA454DD6240}.Release|Any CPU.ActiveCfg = Release|Any CPU
		{77747681-8D37-4D36-A60D-7EA454DD6240}.Release|Any CPU.Build.0 = Release|Any CPU
		{1AF439BB-7189-417B-9ACE-5A1E07C83796}.Debug|Any CPU.ActiveCfg = Debug|Any CPU
		{1AF439BB-7189-417B-9ACE-5A1E07C83796}.Debug|Any CPU.Build.0 = Debug|Any CPU
		{1AF439BB-7189-417B-9ACE-5A1E07C83796}.Release|Any CPU.ActiveCfg = Release|Any CPU
		{1AF439BB-7189-417B-9ACE-5A1E07C83796}.Release|Any CPU.Build.0 = Release|Any CPU
		{382DE0A5-9B9B-4E0D-8531-1493942AB229}.Debug|Any CPU.ActiveCfg = Debug|Any CPU
		{382DE0A5-9B9B-4E0D-8531-1493942AB229}.Debug|Any CPU.Build.0 = Debug|Any CPU
		{382DE0A5-9B9B-4E0D-8531-1493942AB229}.Release|Any CPU.ActiveCfg = Release|Any CPU
		{382DE0A5-9B9B-4E0D-8531-1493942AB229}.Release|Any CPU.Build.0 = Release|Any CPU
		{F567AA2A-B7D7-448E-9854-F11F9C8ECC3A}.Debug|Any CPU.ActiveCfg = Debug|Any CPU
		{F567AA2A-B7D7-448E-9854-F11F9C8ECC3A}.Debug|Any CPU.Build.0 = Debug|Any CPU
		{F567AA2A-B7D7-448E-9854-F11F9C8ECC3A}.Release|Any CPU.ActiveCfg = Release|Any CPU
		{F567AA2A-B7D7-448E-9854-F11F9C8ECC3A}.Release|Any CPU.Build.0 = Release|Any CPU
		{EF5ADEA6-5CFC-4412-994E-57F8C34A6FD8}.Debug|Any CPU.ActiveCfg = Debug|Any CPU
		{EF5ADEA6-5CFC-4412-994E-57F8C34A6FD8}.Debug|Any CPU.Build.0 = Debug|Any CPU
		{EF5ADEA6-5CFC-4412-994E-57F8C34A6FD8}.Release|Any CPU.ActiveCfg = Release|Any CPU
		{EF5ADEA6-5CFC-4412-994E-57F8C34A6FD8}.Release|Any CPU.Build.0 = Release|Any CPU
		{03F528FF-88F1-46A4-8D91-662E1DC7DFFA}.Debug|Any CPU.ActiveCfg = Debug|Any CPU
		{03F528FF-88F1-46A4-8D91-662E1DC7DFFA}.Debug|Any CPU.Build.0 = Debug|Any CPU
		{03F528FF-88F1-46A4-8D91-662E1DC7DFFA}.Release|Any CPU.ActiveCfg = Release|Any CPU
		{03F528FF-88F1-46A4-8D91-662E1DC7DFFA}.Release|Any CPU.Build.0 = Release|Any CPU
		{3E44E3EE-E428-4B06-9D83-DBE3AF1AFBBA}.Debug|Any CPU.ActiveCfg = Debug|Any CPU
		{3E44E3EE-E428-4B06-9D83-DBE3AF1AFBBA}.Debug|Any CPU.Build.0 = Debug|Any CPU
		{3E44E3EE-E428-4B06-9D83-DBE3AF1AFBBA}.Release|Any CPU.ActiveCfg = Release|Any CPU
		{3E44E3EE-E428-4B06-9D83-DBE3AF1AFBBA}.Release|Any CPU.Build.0 = Release|Any CPU
	EndGlobalSection
	GlobalSection(SolutionProperties) = preSolution
		HideSolutionNode = FALSE
	EndGlobalSection
	GlobalSection(NestedProjects) = preSolution
		{7DAFE5AE-2B9F-448C-AF36-CBE76060297C} = {24A2C374-4A6C-4203-A50A-086471F77D60}
		{35986EFE-2D0C-4A73-BCE2-0754D51CBFE0} = {21B35D5E-37D0-4731-AB12-3FB9CA87290C}
		{F100B657-7AC9-431D-8F1D-245740D27F71} = {21B35D5E-37D0-4731-AB12-3FB9CA87290C}
		{189E0213-27CA-4BB5-9DB5-739E0AC0D10F} = {21B35D5E-37D0-4731-AB12-3FB9CA87290C}
		{1A6C1D03-AAB0-47C3-914E-4EDBEA97CE00} = {839CBECE-06EC-420B-8C1D-45CAA26AD59D}
		{A369342B-2A23-4AA6-B95E-E00DA9F3D291} = {21B35D5E-37D0-4731-AB12-3FB9CA87290C}
		{21B35D5E-37D0-4731-AB12-3FB9CA87290C} = {75DC68C6-E663-4E84-91A0-C385F5CBEB9F}
		{75DC68C6-E663-4E84-91A0-C385F5CBEB9F} = {84A9E788-094D-4CAF-A1CD-A39A9BFBA93A}
		{24A2C374-4A6C-4203-A50A-086471F77D60} = {84A9E788-094D-4CAF-A1CD-A39A9BFBA93A}
		{839CBECE-06EC-420B-8C1D-45CAA26AD59D} = {75DC68C6-E663-4E84-91A0-C385F5CBEB9F}
		{33A531A3-EE1A-4046-BF59-7E80A7730E17} = {75DC68C6-E663-4E84-91A0-C385F5CBEB9F}
		{77747681-8D37-4D36-A60D-7EA454DD6240} = {33A531A3-EE1A-4046-BF59-7E80A7730E17}
		{1AF439BB-7189-417B-9ACE-5A1E07C83796} = {33A531A3-EE1A-4046-BF59-7E80A7730E17}
		{382DE0A5-9B9B-4E0D-8531-1493942AB229} = {33A531A3-EE1A-4046-BF59-7E80A7730E17}
		{F567AA2A-B7D7-448E-9854-F11F9C8ECC3A} = {33A531A3-EE1A-4046-BF59-7E80A7730E17}
		{EF5ADEA6-5CFC-4412-994E-57F8C34A6FD8} = {839CBECE-06EC-420B-8C1D-45CAA26AD59D}
		{03F528FF-88F1-46A4-8D91-662E1DC7DFFA} = {839CBECE-06EC-420B-8C1D-45CAA26AD59D}
		{3E44E3EE-E428-4B06-9D83-DBE3AF1AFBBA} = {839CBECE-06EC-420B-8C1D-45CAA26AD59D}
	EndGlobalSection
	GlobalSection(ExtensibilityGlobals) = postSolution
		SolutionGuid = {053B1BCB-EE68-4AC7-822E-72E28731F1F2}
	EndGlobalSection
EndGlobal
